// !$*UTF8*$!
{
	archiveVersion = 1;
	classes = {
	};
	objectVersion = 56;
	objects = {

/* Begin PBXBuildFile section */
		43DEE21429B680E500FBC625 /* AppDelegate.swift in Sources */ = {isa = PBXBuildFile; fileRef = 43DEE21329B680E500FBC625 /* AppDelegate.swift */; };
		43DEE21629B680E500FBC625 /* SceneDelegate.swift in Sources */ = {isa = PBXBuildFile; fileRef = 43DEE21529B680E500FBC625 /* SceneDelegate.swift */; };
		43DEE21829B680E500FBC625 /* ViewController.swift in Sources */ = {isa = PBXBuildFile; fileRef = 43DEE21729B680E500FBC625 /* ViewController.swift */; };
		43DEE21B29B680E500FBC625 /* Main.storyboard in Resources */ = {isa = PBXBuildFile; fileRef = 43DEE21929B680E500FBC625 /* Main.storyboard */; };
		43DEE21D29B680E700FBC625 /* Assets.xcassets in Resources */ = {isa = PBXBuildFile; fileRef = 43DEE21C29B680E700FBC625 /* Assets.xcassets */; };
		43DEE22029B680E700FBC625 /* LaunchScreen.storyboard in Resources */ = {isa = PBXBuildFile; fileRef = 43DEE21E29B680E700FBC625 /* LaunchScreen.storyboard */; };
<<<<<<< HEAD
		50AF739229B681FC0026EFCF /* LoginScreen.storyboard in Resources */ = {isa = PBXBuildFile; fileRef = 50AF739129B681FC0026EFCF /* LoginScreen.storyboard */; };
		50AF739429B682130026EFCF /* LoginViewController.swift in Sources */ = {isa = PBXBuildFile; fileRef = 50AF739329B682130026EFCF /* LoginViewController.swift */; };
=======
		C416873229B681CB00AD3EE0 /* Password-Storyboard.storyboard in Resources */ = {isa = PBXBuildFile; fileRef = C416873129B681CB00AD3EE0 /* Password-Storyboard.storyboard */; };
		C416873429B681E100AD3EE0 /* Password-ViewController.swift in Sources */ = {isa = PBXBuildFile; fileRef = C416873329B681E100AD3EE0 /* Password-ViewController.swift */; };
>>>>>>> Gabriel
/* End PBXBuildFile section */

/* Begin PBXFileReference section */
		43DEE21029B680E500FBC625 /* TesteTripOrganizer.app */ = {isa = PBXFileReference; explicitFileType = wrapper.application; includeInIndex = 0; path = TesteTripOrganizer.app; sourceTree = BUILT_PRODUCTS_DIR; };
		43DEE21329B680E500FBC625 /* AppDelegate.swift */ = {isa = PBXFileReference; lastKnownFileType = sourcecode.swift; path = AppDelegate.swift; sourceTree = "<group>"; };
		43DEE21529B680E500FBC625 /* SceneDelegate.swift */ = {isa = PBXFileReference; lastKnownFileType = sourcecode.swift; path = SceneDelegate.swift; sourceTree = "<group>"; };
		43DEE21729B680E500FBC625 /* ViewController.swift */ = {isa = PBXFileReference; lastKnownFileType = sourcecode.swift; path = ViewController.swift; sourceTree = "<group>"; };
		43DEE21A29B680E500FBC625 /* Base */ = {isa = PBXFileReference; lastKnownFileType = file.storyboard; name = Base; path = Base.lproj/Main.storyboard; sourceTree = "<group>"; };
		43DEE21C29B680E700FBC625 /* Assets.xcassets */ = {isa = PBXFileReference; lastKnownFileType = folder.assetcatalog; path = Assets.xcassets; sourceTree = "<group>"; };
		43DEE21F29B680E700FBC625 /* Base */ = {isa = PBXFileReference; lastKnownFileType = file.storyboard; name = Base; path = Base.lproj/LaunchScreen.storyboard; sourceTree = "<group>"; };
		43DEE22129B680E700FBC625 /* Info.plist */ = {isa = PBXFileReference; lastKnownFileType = text.plist.xml; path = Info.plist; sourceTree = "<group>"; };
<<<<<<< HEAD
		50AF739129B681FC0026EFCF /* LoginScreen.storyboard */ = {isa = PBXFileReference; lastKnownFileType = file.storyboard; path = LoginScreen.storyboard; sourceTree = "<group>"; };
		50AF739329B682130026EFCF /* LoginViewController.swift */ = {isa = PBXFileReference; lastKnownFileType = sourcecode.swift; path = LoginViewController.swift; sourceTree = "<group>"; };
=======
		C416873129B681CB00AD3EE0 /* Password-Storyboard.storyboard */ = {isa = PBXFileReference; lastKnownFileType = file.storyboard; name = "Password-Storyboard.storyboard"; path = "../../../Documents/Password-Storyboard.storyboard"; sourceTree = "<group>"; };
		C416873329B681E100AD3EE0 /* Password-ViewController.swift */ = {isa = PBXFileReference; lastKnownFileType = sourcecode.swift; name = "Password-ViewController.swift"; path = "../../../Documents/Password-ViewController.swift"; sourceTree = "<group>"; };
>>>>>>> Gabriel
/* End PBXFileReference section */

/* Begin PBXFrameworksBuildPhase section */
		43DEE20D29B680E500FBC625 /* Frameworks */ = {
			isa = PBXFrameworksBuildPhase;
			buildActionMask = 2147483647;
			files = (
			);
			runOnlyForDeploymentPostprocessing = 0;
		};
/* End PBXFrameworksBuildPhase section */

/* Begin PBXGroup section */
		43DEE20729B680E500FBC625 = {
			isa = PBXGroup;
			children = (
				43DEE21229B680E500FBC625 /* TesteTripOrganizer */,
				43DEE21129B680E500FBC625 /* Products */,
			);
			sourceTree = "<group>";
		};
		43DEE21129B680E500FBC625 /* Products */ = {
			isa = PBXGroup;
			children = (
				43DEE21029B680E500FBC625 /* TesteTripOrganizer.app */,
			);
			name = Products;
			sourceTree = "<group>";
		};
		43DEE21229B680E500FBC625 /* TesteTripOrganizer */ = {
			isa = PBXGroup;
			children = (
				50AF739029B681DB0026EFCF /* LoginScreen */,
				43DEE21329B680E500FBC625 /* AppDelegate.swift */,
				43DEE21529B680E500FBC625 /* SceneDelegate.swift */,
				43DEE21729B680E500FBC625 /* ViewController.swift */,
				43DEE21929B680E500FBC625 /* Main.storyboard */,
				43DEE21C29B680E700FBC625 /* Assets.xcassets */,
				43DEE21E29B680E700FBC625 /* LaunchScreen.storyboard */,
				43DEE22129B680E700FBC625 /* Info.plist */,
				C416873129B681CB00AD3EE0 /* Password-Storyboard.storyboard */,
				C416873329B681E100AD3EE0 /* Password-ViewController.swift */,
			);
			path = TesteTripOrganizer;
			sourceTree = "<group>";
		};
		50AF739029B681DB0026EFCF /* LoginScreen */ = {
			isa = PBXGroup;
			children = (
				50AF739129B681FC0026EFCF /* LoginScreen.storyboard */,
				50AF739329B682130026EFCF /* LoginViewController.swift */,
			);
			path = LoginScreen;
			sourceTree = "<group>";
		};
/* End PBXGroup section */

/* Begin PBXNativeTarget section */
		43DEE20F29B680E500FBC625 /* TesteTripOrganizer */ = {
			isa = PBXNativeTarget;
			buildConfigurationList = 43DEE22429B680E700FBC625 /* Build configuration list for PBXNativeTarget "TesteTripOrganizer" */;
			buildPhases = (
				43DEE20C29B680E500FBC625 /* Sources */,
				43DEE20D29B680E500FBC625 /* Frameworks */,
				43DEE20E29B680E500FBC625 /* Resources */,
			);
			buildRules = (
			);
			dependencies = (
			);
			name = TesteTripOrganizer;
			productName = TesteTripOrganizer;
			productReference = 43DEE21029B680E500FBC625 /* TesteTripOrganizer.app */;
			productType = "com.apple.product-type.application";
		};
/* End PBXNativeTarget section */

/* Begin PBXProject section */
		43DEE20829B680E500FBC625 /* Project object */ = {
			isa = PBXProject;
			attributes = {
				BuildIndependentTargetsInParallel = 1;
				LastSwiftUpdateCheck = 1420;
				LastUpgradeCheck = 1420;
				TargetAttributes = {
					43DEE20F29B680E500FBC625 = {
						CreatedOnToolsVersion = 14.2;
					};
				};
			};
			buildConfigurationList = 43DEE20B29B680E500FBC625 /* Build configuration list for PBXProject "TesteTripOrganizer" */;
			compatibilityVersion = "Xcode 14.0";
			developmentRegion = en;
			hasScannedForEncodings = 0;
			knownRegions = (
				en,
				Base,
			);
			mainGroup = 43DEE20729B680E500FBC625;
			productRefGroup = 43DEE21129B680E500FBC625 /* Products */;
			projectDirPath = "";
			projectRoot = "";
			targets = (
				43DEE20F29B680E500FBC625 /* TesteTripOrganizer */,
			);
		};
/* End PBXProject section */

/* Begin PBXResourcesBuildPhase section */
		43DEE20E29B680E500FBC625 /* Resources */ = {
			isa = PBXResourcesBuildPhase;
			buildActionMask = 2147483647;
			files = (
				43DEE22029B680E700FBC625 /* LaunchScreen.storyboard in Resources */,
				43DEE21D29B680E700FBC625 /* Assets.xcassets in Resources */,
<<<<<<< HEAD
				50AF739229B681FC0026EFCF /* LoginScreen.storyboard in Resources */,
=======
				C416873229B681CB00AD3EE0 /* Password-Storyboard.storyboard in Resources */,
>>>>>>> Gabriel
				43DEE21B29B680E500FBC625 /* Main.storyboard in Resources */,
			);
			runOnlyForDeploymentPostprocessing = 0;
		};
/* End PBXResourcesBuildPhase section */

/* Begin PBXSourcesBuildPhase section */
		43DEE20C29B680E500FBC625 /* Sources */ = {
			isa = PBXSourcesBuildPhase;
			buildActionMask = 2147483647;
			files = (
				50AF739429B682130026EFCF /* LoginViewController.swift in Sources */,
				43DEE21829B680E500FBC625 /* ViewController.swift in Sources */,
				43DEE21429B680E500FBC625 /* AppDelegate.swift in Sources */,
				43DEE21629B680E500FBC625 /* SceneDelegate.swift in Sources */,
				C416873429B681E100AD3EE0 /* Password-ViewController.swift in Sources */,
			);
			runOnlyForDeploymentPostprocessing = 0;
		};
/* End PBXSourcesBuildPhase section */

/* Begin PBXVariantGroup section */
		43DEE21929B680E500FBC625 /* Main.storyboard */ = {
			isa = PBXVariantGroup;
			children = (
				43DEE21A29B680E500FBC625 /* Base */,
			);
			name = Main.storyboard;
			sourceTree = "<group>";
		};
		43DEE21E29B680E700FBC625 /* LaunchScreen.storyboard */ = {
			isa = PBXVariantGroup;
			children = (
				43DEE21F29B680E700FBC625 /* Base */,
			);
			name = LaunchScreen.storyboard;
			sourceTree = "<group>";
		};
/* End PBXVariantGroup section */

/* Begin XCBuildConfiguration section */
		43DEE22229B680E700FBC625 /* Debug */ = {
			isa = XCBuildConfiguration;
			buildSettings = {
				ALWAYS_SEARCH_USER_PATHS = NO;
				CLANG_ANALYZER_NONNULL = YES;
				CLANG_ANALYZER_NUMBER_OBJECT_CONVERSION = YES_AGGRESSIVE;
				CLANG_CXX_LANGUAGE_STANDARD = "gnu++20";
				CLANG_ENABLE_MODULES = YES;
				CLANG_ENABLE_OBJC_ARC = YES;
				CLANG_ENABLE_OBJC_WEAK = YES;
				CLANG_WARN_BLOCK_CAPTURE_AUTORELEASING = YES;
				CLANG_WARN_BOOL_CONVERSION = YES;
				CLANG_WARN_COMMA = YES;
				CLANG_WARN_CONSTANT_CONVERSION = YES;
				CLANG_WARN_DEPRECATED_OBJC_IMPLEMENTATIONS = YES;
				CLANG_WARN_DIRECT_OBJC_ISA_USAGE = YES_ERROR;
				CLANG_WARN_DOCUMENTATION_COMMENTS = YES;
				CLANG_WARN_EMPTY_BODY = YES;
				CLANG_WARN_ENUM_CONVERSION = YES;
				CLANG_WARN_INFINITE_RECURSION = YES;
				CLANG_WARN_INT_CONVERSION = YES;
				CLANG_WARN_NON_LITERAL_NULL_CONVERSION = YES;
				CLANG_WARN_OBJC_IMPLICIT_RETAIN_SELF = YES;
				CLANG_WARN_OBJC_LITERAL_CONVERSION = YES;
				CLANG_WARN_OBJC_ROOT_CLASS = YES_ERROR;
				CLANG_WARN_QUOTED_INCLUDE_IN_FRAMEWORK_HEADER = YES;
				CLANG_WARN_RANGE_LOOP_ANALYSIS = YES;
				CLANG_WARN_STRICT_PROTOTYPES = YES;
				CLANG_WARN_SUSPICIOUS_MOVE = YES;
				CLANG_WARN_UNGUARDED_AVAILABILITY = YES_AGGRESSIVE;
				CLANG_WARN_UNREACHABLE_CODE = YES;
				CLANG_WARN__DUPLICATE_METHOD_MATCH = YES;
				COPY_PHASE_STRIP = NO;
				DEBUG_INFORMATION_FORMAT = dwarf;
				ENABLE_STRICT_OBJC_MSGSEND = YES;
				ENABLE_TESTABILITY = YES;
				GCC_C_LANGUAGE_STANDARD = gnu11;
				GCC_DYNAMIC_NO_PIC = NO;
				GCC_NO_COMMON_BLOCKS = YES;
				GCC_OPTIMIZATION_LEVEL = 0;
				GCC_PREPROCESSOR_DEFINITIONS = (
					"DEBUG=1",
					"$(inherited)",
				);
				GCC_WARN_64_TO_32_BIT_CONVERSION = YES;
				GCC_WARN_ABOUT_RETURN_TYPE = YES_ERROR;
				GCC_WARN_UNDECLARED_SELECTOR = YES;
				GCC_WARN_UNINITIALIZED_AUTOS = YES_AGGRESSIVE;
				GCC_WARN_UNUSED_FUNCTION = YES;
				GCC_WARN_UNUSED_VARIABLE = YES;
				IPHONEOS_DEPLOYMENT_TARGET = 16.2;
				MTL_ENABLE_DEBUG_INFO = INCLUDE_SOURCE;
				MTL_FAST_MATH = YES;
				ONLY_ACTIVE_ARCH = YES;
				SDKROOT = iphoneos;
				SWIFT_ACTIVE_COMPILATION_CONDITIONS = DEBUG;
				SWIFT_OPTIMIZATION_LEVEL = "-Onone";
			};
			name = Debug;
		};
		43DEE22329B680E700FBC625 /* Release */ = {
			isa = XCBuildConfiguration;
			buildSettings = {
				ALWAYS_SEARCH_USER_PATHS = NO;
				CLANG_ANALYZER_NONNULL = YES;
				CLANG_ANALYZER_NUMBER_OBJECT_CONVERSION = YES_AGGRESSIVE;
				CLANG_CXX_LANGUAGE_STANDARD = "gnu++20";
				CLANG_ENABLE_MODULES = YES;
				CLANG_ENABLE_OBJC_ARC = YES;
				CLANG_ENABLE_OBJC_WEAK = YES;
				CLANG_WARN_BLOCK_CAPTURE_AUTORELEASING = YES;
				CLANG_WARN_BOOL_CONVERSION = YES;
				CLANG_WARN_COMMA = YES;
				CLANG_WARN_CONSTANT_CONVERSION = YES;
				CLANG_WARN_DEPRECATED_OBJC_IMPLEMENTATIONS = YES;
				CLANG_WARN_DIRECT_OBJC_ISA_USAGE = YES_ERROR;
				CLANG_WARN_DOCUMENTATION_COMMENTS = YES;
				CLANG_WARN_EMPTY_BODY = YES;
				CLANG_WARN_ENUM_CONVERSION = YES;
				CLANG_WARN_INFINITE_RECURSION = YES;
				CLANG_WARN_INT_CONVERSION = YES;
				CLANG_WARN_NON_LITERAL_NULL_CONVERSION = YES;
				CLANG_WARN_OBJC_IMPLICIT_RETAIN_SELF = YES;
				CLANG_WARN_OBJC_LITERAL_CONVERSION = YES;
				CLANG_WARN_OBJC_ROOT_CLASS = YES_ERROR;
				CLANG_WARN_QUOTED_INCLUDE_IN_FRAMEWORK_HEADER = YES;
				CLANG_WARN_RANGE_LOOP_ANALYSIS = YES;
				CLANG_WARN_STRICT_PROTOTYPES = YES;
				CLANG_WARN_SUSPICIOUS_MOVE = YES;
				CLANG_WARN_UNGUARDED_AVAILABILITY = YES_AGGRESSIVE;
				CLANG_WARN_UNREACHABLE_CODE = YES;
				CLANG_WARN__DUPLICATE_METHOD_MATCH = YES;
				COPY_PHASE_STRIP = NO;
				DEBUG_INFORMATION_FORMAT = "dwarf-with-dsym";
				ENABLE_NS_ASSERTIONS = NO;
				ENABLE_STRICT_OBJC_MSGSEND = YES;
				GCC_C_LANGUAGE_STANDARD = gnu11;
				GCC_NO_COMMON_BLOCKS = YES;
				GCC_WARN_64_TO_32_BIT_CONVERSION = YES;
				GCC_WARN_ABOUT_RETURN_TYPE = YES_ERROR;
				GCC_WARN_UNDECLARED_SELECTOR = YES;
				GCC_WARN_UNINITIALIZED_AUTOS = YES_AGGRESSIVE;
				GCC_WARN_UNUSED_FUNCTION = YES;
				GCC_WARN_UNUSED_VARIABLE = YES;
				IPHONEOS_DEPLOYMENT_TARGET = 16.2;
				MTL_ENABLE_DEBUG_INFO = NO;
				MTL_FAST_MATH = YES;
				SDKROOT = iphoneos;
				SWIFT_COMPILATION_MODE = wholemodule;
				SWIFT_OPTIMIZATION_LEVEL = "-O";
				VALIDATE_PRODUCT = YES;
			};
			name = Release;
		};
		43DEE22529B680E700FBC625 /* Debug */ = {
			isa = XCBuildConfiguration;
			buildSettings = {
				ASSETCATALOG_COMPILER_APPICON_NAME = AppIcon;
				ASSETCATALOG_COMPILER_GLOBAL_ACCENT_COLOR_NAME = AccentColor;
				CODE_SIGN_STYLE = Automatic;
				CURRENT_PROJECT_VERSION = 1;
				GENERATE_INFOPLIST_FILE = YES;
				INFOPLIST_FILE = TesteTripOrganizer/Info.plist;
				INFOPLIST_KEY_UIApplicationSupportsIndirectInputEvents = YES;
				INFOPLIST_KEY_UILaunchStoryboardName = LaunchScreen;
				INFOPLIST_KEY_UIMainStoryboardFile = Main;
				INFOPLIST_KEY_UISupportedInterfaceOrientations_iPad = "UIInterfaceOrientationPortrait UIInterfaceOrientationPortraitUpsideDown UIInterfaceOrientationLandscapeLeft UIInterfaceOrientationLandscapeRight";
				INFOPLIST_KEY_UISupportedInterfaceOrientations_iPhone = "UIInterfaceOrientationPortrait UIInterfaceOrientationLandscapeLeft UIInterfaceOrientationLandscapeRight";
				LD_RUNPATH_SEARCH_PATHS = (
					"$(inherited)",
					"@executable_path/Frameworks",
				);
				MARKETING_VERSION = 1.0;
				PRODUCT_BUNDLE_IDENTIFIER = br.com.eduescaleira.TesteTripOrganizer;
				PRODUCT_NAME = "$(TARGET_NAME)";
				SWIFT_EMIT_LOC_STRINGS = YES;
				SWIFT_VERSION = 5.0;
				TARGETED_DEVICE_FAMILY = "1,2";
			};
			name = Debug;
		};
		43DEE22629B680E700FBC625 /* Release */ = {
			isa = XCBuildConfiguration;
			buildSettings = {
				ASSETCATALOG_COMPILER_APPICON_NAME = AppIcon;
				ASSETCATALOG_COMPILER_GLOBAL_ACCENT_COLOR_NAME = AccentColor;
				CODE_SIGN_STYLE = Automatic;
				CURRENT_PROJECT_VERSION = 1;
				GENERATE_INFOPLIST_FILE = YES;
				INFOPLIST_FILE = TesteTripOrganizer/Info.plist;
				INFOPLIST_KEY_UIApplicationSupportsIndirectInputEvents = YES;
				INFOPLIST_KEY_UILaunchStoryboardName = LaunchScreen;
				INFOPLIST_KEY_UIMainStoryboardFile = Main;
				INFOPLIST_KEY_UISupportedInterfaceOrientations_iPad = "UIInterfaceOrientationPortrait UIInterfaceOrientationPortraitUpsideDown UIInterfaceOrientationLandscapeLeft UIInterfaceOrientationLandscapeRight";
				INFOPLIST_KEY_UISupportedInterfaceOrientations_iPhone = "UIInterfaceOrientationPortrait UIInterfaceOrientationLandscapeLeft UIInterfaceOrientationLandscapeRight";
				LD_RUNPATH_SEARCH_PATHS = (
					"$(inherited)",
					"@executable_path/Frameworks",
				);
				MARKETING_VERSION = 1.0;
				PRODUCT_BUNDLE_IDENTIFIER = br.com.eduescaleira.TesteTripOrganizer;
				PRODUCT_NAME = "$(TARGET_NAME)";
				SWIFT_EMIT_LOC_STRINGS = YES;
				SWIFT_VERSION = 5.0;
				TARGETED_DEVICE_FAMILY = "1,2";
			};
			name = Release;
		};
/* End XCBuildConfiguration section */

/* Begin XCConfigurationList section */
		43DEE20B29B680E500FBC625 /* Build configuration list for PBXProject "TesteTripOrganizer" */ = {
			isa = XCConfigurationList;
			buildConfigurations = (
				43DEE22229B680E700FBC625 /* Debug */,
				43DEE22329B680E700FBC625 /* Release */,
			);
			defaultConfigurationIsVisible = 0;
			defaultConfigurationName = Release;
		};
		43DEE22429B680E700FBC625 /* Build configuration list for PBXNativeTarget "TesteTripOrganizer" */ = {
			isa = XCConfigurationList;
			buildConfigurations = (
				43DEE22529B680E700FBC625 /* Debug */,
				43DEE22629B680E700FBC625 /* Release */,
			);
			defaultConfigurationIsVisible = 0;
			defaultConfigurationName = Release;
		};
/* End XCConfigurationList section */
	};
	rootObject = 43DEE20829B680E500FBC625 /* Project object */;
}
